
Microsoft Visual Studio Solution File, Format Version 12.00
# Visual Studio Version 17
VisualStudioVersion = 17.3.32825.248
MinimumVisualStudioVersion = 10.0.40219.1
Project("{FAE04EC0-301F-11D3-BF4B-00C04F79EFBC}") = "CrimeRecordDB", "CrimeRecordDB.csproj", "{9B74CF7B-F161-49E7-BFF7-E250CDEAB486}"
EndProject
Global
	GlobalSection(SolutionConfigurationPlatforms) = preSolution
		Debug|Any CPU = Debug|Any CPU
		Release|Any CPU = Release|Any CPU
	EndGlobalSection
	GlobalSection(ProjectConfigurationPlatforms) = postSolution
		{9B74CF7B-F161-49E7-BFF7-E250CDEAB486}.Debug|Any CPU.ActiveCfg = Debug|Any CPU
		{9B74CF7B-F161-49E7-BFF7-E250CDEAB486}.Debug|Any CPU.Build.0 = Debug|Any CPU
		{9B74CF7B-F161-49E7-BFF7-E250CDEAB486}.Release|Any CPU.ActiveCfg = Release|Any CPU
		{9B74CF7B-F161-49E7-BFF7-E250CDEAB486}.Release|Any CPU.Build.0 = Release|Any CPU
	EndGlobalSection
	GlobalSection(SolutionProperties) = preSolution
		HideSolutionNode = FALSE
	EndGlobalSection
	GlobalSection(ExtensibilityGlobals) = postSolution
		SolutionGuid = {2A669440-23B3-4E78-B35F-B8F44BD4CD80}
	EndGlobalSection
EndGlobal
